
Microsoft Visual Studio Solution File, Format Version 12.00
# Visual Studio Version 17
VisualStudioVersion = 17.5.001.0
MinimumVisualStudioVersion = 10.0.40219.1
Project("{9A19103F-16F7-4668-BE54-9A1E7A4F7556}") = "stephan", "stephan.csproj", "{201991B0-54E2-4E63-BC39-62241D6E3919}"
EndProject
Global
	GlobalSection(SolutionConfigurationPlatforms) = preSolution
		Debug|Any CPU = Debug|Any CPU
		Release|Any CPU = Release|Any CPU
	EndGlobalSection
	GlobalSection(ProjectConfigurationPlatforms) = postSolution
		{201991B0-54E2-4E63-BC39-62241D6E3919}.Debug|Any CPU.ActiveCfg = Debug|Any CPU
		{201991B0-54E2-4E63-BC39-62241D6E3919}.Debug|Any CPU.Build.0 = Debug|Any CPU
		{201991B0-54E2-4E63-BC39-62241D6E3919}.Release|Any CPU.ActiveCfg = Release|Any CPU
		{201991B0-54E2-4E63-BC39-62241D6E3919}.Release|Any CPU.Build.0 = Release|Any CPU
	EndGlobalSection
	GlobalSection(SolutionProperties) = preSolution
		HideSolutionNode = FALSE
	EndGlobalSection
	GlobalSection(ExtensibilityGlobals) = postSolution
		SolutionGuid = {E33BE70C-7181-4A61-B8BD-B26B59467FA6}
	EndGlobalSection
EndGlobal
